
Microsoft Visual Studio Solution File, Format Version 12.00
# Visual Studio Version 16
VisualStudioVersion = 16.0.31025.218
MinimumVisualStudioVersion = 10.0.40219.1
Project("{9A19103F-16F7-4668-BE54-9A1E7A4F7556}") = "TheUniversalCity.RedisClient", "TheUniversalCity.RedisClient\TheUniversalCity.RedisClient.csproj", "{145E216F-B00D-4640-843F-A6A410486D28}"
EndProject
Project("{2150E333-8FDC-42A3-9474-1A3956D46DE8}") = "CI-CD", "CI-CD", "{F77D258D-CC23-4D89-B270-0D848DF8650B}"
	ProjectSection(SolutionItems) = preProject
		CI-CD\azure-versioning-nuget-pack-pipeline.yml = CI-CD\azure-versioning-nuget-pack-pipeline.yml
		CI-CD\gitversion.yml = CI-CD\gitversion.yml
	EndProjectSection
EndProject
Project("{9A19103F-16F7-4668-BE54-9A1E7A4F7556}") = "TheUniversalCity.RedisClient.Test", "TheUniversalCity.RedisClient.Test\TheUniversalCity.RedisClient.Test.csproj", "{CD1C1A7A-54A2-4CDB-BB7E-474E463930BC}"
EndProject
Global
	GlobalSection(SolutionConfigurationPlatforms) = preSolution
		Debug|Any CPU = Debug|Any CPU
		Release|Any CPU = Release|Any CPU
	EndGlobalSection
	GlobalSection(ProjectConfigurationPlatforms) = postSolution
		{145E216F-B00D-4640-843F-A6A410486D28}.Debug|Any CPU.ActiveCfg = Debug|Any CPU
		{145E216F-B00D-4640-843F-A6A410486D28}.Debug|Any CPU.Build.0 = Debug|Any CPU
		{145E216F-B00D-4640-843F-A6A410486D28}.Release|Any CPU.ActiveCfg = Release|Any CPU
		{145E216F-B00D-4640-843F-A6A410486D28}.Release|Any CPU.Build.0 = Release|Any CPU
		{CD1C1A7A-54A2-4CDB-BB7E-474E463930BC}.Debug|Any CPU.ActiveCfg = Debug|Any CPU
		{CD1C1A7A-54A2-4CDB-BB7E-474E463930BC}.Debug|Any CPU.Build.0 = Debug|Any CPU
		{CD1C1A7A-54A2-4CDB-BB7E-474E463930BC}.Release|Any CPU.ActiveCfg = Release|Any CPU
		{CD1C1A7A-54A2-4CDB-BB7E-474E463930BC}.Release|Any CPU.Build.0 = Release|Any CPU
	EndGlobalSection
	GlobalSection(SolutionProperties) = preSolution
		HideSolutionNode = FALSE
	EndGlobalSection
	GlobalSection(ExtensibilityGlobals) = postSolution
		SolutionGuid = {669E0305-52E9-462A-8E90-244262740146}
	EndGlobalSection
EndGlobal
